// !$*UTF8*$!
{
	archiveVersion = 1;
	classes = {
	};
	objectVersion = 50;
	objects = {

/* Begin PBXBuildFile section */
		6A0E96F1226B12AC00C77964 /* AppDelegate.swift in Sources */ = {isa = PBXBuildFile; fileRef = 6A0E96F0226B12AC00C77964 /* AppDelegate.swift */; };
		6A0E96F3226B12AC00C77964 /* ViewController.swift in Sources */ = {isa = PBXBuildFile; fileRef = 6A0E96F2226B12AC00C77964 /* ViewController.swift */; };
		6A0E96F6226B12AC00C77964 /* Main.storyboard in Resources */ = {isa = PBXBuildFile; fileRef = 6A0E96F4226B12AC00C77964 /* Main.storyboard */; };
		6A0E96F8226B12AC00C77964 /* Assets.xcassets in Resources */ = {isa = PBXBuildFile; fileRef = 6A0E96F7226B12AC00C77964 /* Assets.xcassets */; };
		6A0E96FB226B12AC00C77964 /* LaunchScreen.storyboard in Resources */ = {isa = PBXBuildFile; fileRef = 6A0E96F9226B12AC00C77964 /* LaunchScreen.storyboard */; };
		6A0E9705226C631C00C77964 /* InputViewController.swift in Sources */ = {isa = PBXBuildFile; fileRef = 6A0E9704226C631C00C77964 /* InputViewController.swift */; };
		C27DC327522E28C060F9F20C /* Pods_taskApp.framework in Frameworks */ = {isa = PBXBuildFile; fileRef = B356E5460FC14C0B0924BCB1 /* Pods_taskApp.framework */; };
/* End PBXBuildFile section */

/* Begin PBXFileReference section */
		4349A094D619BC53F6F92B8A /* Pods-taskApp.release.xcconfig */ = {isa = PBXFileReference; includeInIndex = 1; lastKnownFileType = text.xcconfig; name = "Pods-taskApp.release.xcconfig"; path = "Target Support Files/Pods-taskApp/Pods-taskApp.release.xcconfig"; sourceTree = "<group>"; };
		6608F9BE172EA4E8741F5BFE /* Pods-taskApp.debug.xcconfig */ = {isa = PBXFileReference; includeInIndex = 1; lastKnownFileType = text.xcconfig; name = "Pods-taskApp.debug.xcconfig"; path = "Target Support Files/Pods-taskApp/Pods-taskApp.debug.xcconfig"; sourceTree = "<group>"; };
		6A0E96ED226B12AC00C77964 /* taskApp.app */ = {isa = PBXFileReference; explicitFileType = wrapper.application; includeInIndex = 0; path = taskApp.app; sourceTree = BUILT_PRODUCTS_DIR; };
		6A0E96F0226B12AC00C77964 /* AppDelegate.swift */ = {isa = PBXFileReference; lastKnownFileType = sourcecode.swift; path = AppDelegate.swift; sourceTree = "<group>"; };
		6A0E96F2226B12AC00C77964 /* ViewController.swift */ = {isa = PBXFileReference; lastKnownFileType = sourcecode.swift; path = ViewController.swift; sourceTree = "<group>"; };
		6A0E96F5226B12AC00C77964 /* Base */ = {isa = PBXFileReference; lastKnownFileType = file.storyboard; name = Base; path = Base.lproj/Main.storyboard; sourceTree = "<group>"; };
		6A0E96F7226B12AC00C77964 /* Assets.xcassets */ = {isa = PBXFileReference; lastKnownFileType = folder.assetcatalog; path = Assets.xcassets; sourceTree = "<group>"; };
		6A0E96FA226B12AC00C77964 /* Base */ = {isa = PBXFileReference; lastKnownFileType = file.storyboard; name = Base; path = Base.lproj/LaunchScreen.storyboard; sourceTree = "<group>"; };
		6A0E96FC226B12AC00C77964 /* Info.plist */ = {isa = PBXFileReference; lastKnownFileType = text.plist.xml; path = Info.plist; sourceTree = "<group>"; };
		6A0E9704226C631C00C77964 /* InputViewController.swift */ = {isa = PBXFileReference; fileEncoding = 4; lastKnownFileType = sourcecode.swift; path = InputViewController.swift; sourceTree = "<group>"; };
		B356E5460FC14C0B0924BCB1 /* Pods_taskApp.framework */ = {isa = PBXFileReference; explicitFileType = wrapper.framework; includeInIndex = 0; path = Pods_taskApp.framework; sourceTree = BUILT_PRODUCTS_DIR; };
/* End PBXFileReference section */

/* Begin PBXFrameworksBuildPhase section */
		6A0E96EA226B12AC00C77964 /* Frameworks */ = {
			isa = PBXFrameworksBuildPhase;
			buildActionMask = 2147483647;
			files = (
				C27DC327522E28C060F9F20C /* Pods_taskApp.framework in Frameworks */,
			);
			runOnlyForDeploymentPostprocessing = 0;
		};
/* End PBXFrameworksBuildPhase section */

/* Begin PBXGroup section */
		6A0E96E4226B12AC00C77964 = {
			isa = PBXGroup;
			children = (
				6A0E96EF226B12AC00C77964 /* taskApp */,
				6A0E96EE226B12AC00C77964 /* Products */,
				792E4318DF24947571393BDD /* Pods */,
				C72B96354666297D5262A49C /* Frameworks */,
			);
			sourceTree = "<group>";
		};
		6A0E96EE226B12AC00C77964 /* Products */ = {
			isa = PBXGroup;
			children = (
				6A0E96ED226B12AC00C77964 /* taskApp.app */,
			);
			name = Products;
			sourceTree = "<group>";
		};
		6A0E96EF226B12AC00C77964 /* taskApp */ = {
			isa = PBXGroup;
			children = (
				6A0E96F0226B12AC00C77964 /* AppDelegate.swift */,
				6A0E96F2226B12AC00C77964 /* ViewController.swift */,
				6A0E96F4226B12AC00C77964 /* Main.storyboard */,
				6A0E96F7226B12AC00C77964 /* Assets.xcassets */,
				6A0E96F9226B12AC00C77964 /* LaunchScreen.storyboard */,
				6A0E9704226C631C00C77964 /* InputViewController.swift */,
				6A0E96FC226B12AC00C77964 /* Info.plist */,
			);
			path = taskApp;
			sourceTree = "<group>";
		};
		792E4318DF24947571393BDD /* Pods */ = {
			isa = PBXGroup;
			children = (
				6608F9BE172EA4E8741F5BFE /* Pods-taskApp.debug.xcconfig */,
				4349A094D619BC53F6F92B8A /* Pods-taskApp.release.xcconfig */,
			);
			path = Pods;
			sourceTree = "<group>";
		};
		C72B96354666297D5262A49C /* Frameworks */ = {
			isa = PBXGroup;
			children = (
				B356E5460FC14C0B0924BCB1 /* Pods_taskApp.framework */,
			);
			name = Frameworks;
			sourceTree = "<group>";
		};
/* End PBXGroup section */

/* Begin PBXNativeTarget section */
		6A0E96EC226B12AC00C77964 /* taskApp */ = {
			isa = PBXNativeTarget;
			buildConfigurationList = 6A0E96FF226B12AC00C77964 /* Build configuration list for PBXNativeTarget "taskApp" */;
			buildPhases = (
				66F785B9803558DA8C3FB5C0 /* [CP] Check Pods Manifest.lock */,
				6A0E96E9226B12AC00C77964 /* Sources */,
				6A0E96EA226B12AC00C77964 /* Frameworks */,
				6A0E96EB226B12AC00C77964 /* Resources */,
				F6CB0298F66D827CC3B0157A /* [CP] Embed Pods Frameworks */,
			);
			buildRules = (
			);
			dependencies = (
			);
			name = taskApp;
			productName = taskApp;
			productReference = 6A0E96ED226B12AC00C77964 /* taskApp.app */;
			productType = "com.apple.product-type.application";
		};
/* End PBXNativeTarget section */

/* Begin PBXProject section */
		6A0E96E5226B12AC00C77964 /* Project object */ = {
			isa = PBXProject;
			attributes = {
				LastSwiftUpdateCheck = 1010;
				LastUpgradeCheck = 1010;
				ORGANIZATIONNAME = "RYUTARO OKAMOTO";
				TargetAttributes = {
					6A0E96EC226B12AC00C77964 = {
						CreatedOnToolsVersion = 10.1;
					};
				};
			};
			buildConfigurationList = 6A0E96E8226B12AC00C77964 /* Build configuration list for PBXProject "taskApp" */;
			compatibilityVersion = "Xcode 9.3";
			developmentRegion = en;
			hasScannedForEncodings = 0;
			knownRegions = (
				en,
				Base,
			);
			mainGroup = 6A0E96E4226B12AC00C77964;
			productRefGroup = 6A0E96EE226B12AC00C77964 /* Products */;
			projectDirPath = "";
			projectRoot = "";
			targets = (
				6A0E96EC226B12AC00C77964 /* taskApp */,
			);
		};
/* End PBXProject section */

/* Begin PBXResourcesBuildPhase section */
		6A0E96EB226B12AC00C77964 /* Resources */ = {
			isa = PBXResourcesBuildPhase;
			buildActionMask = 2147483647;
			files = (
				6A0E96FB226B12AC00C77964 /* LaunchScreen.storyboard in Resources */,
				6A0E96F8226B12AC00C77964 /* Assets.xcassets in Resources */,
				6A0E96F6226B12AC00C77964 /* Main.storyboard in Resources */,
			);
			runOnlyForDeploymentPostprocessing = 0;
		};
/* End PBXResourcesBuildPhase section */

/* Begin PBXShellScriptBuildPhase section */
		66F785B9803558DA8C3FB5C0 /* [CP] Check Pods Manifest.lock */ = {
			isa = PBXShellScriptBuildPhase;
			buildActionMask = 2147483647;
			files = (
			);
			inputFileListPaths = (
			);
			inputPaths = (
				"${PODS_PODFILE_DIR_PATH}/Podfile.lock",
				"${PODS_ROOT}/Manifest.lock",
			);
			name = "[CP] Check Pods Manifest.lock";
			outputFileListPaths = (
			);
			outputPaths = (
				"$(DERIVED_FILE_DIR)/Pods-taskApp-checkManifestLockResult.txt",
			);
			runOnlyForDeploymentPostprocessing = 0;
			shellPath = /bin/sh;
			shellScript = "diff \"${PODS_PODFILE_DIR_PATH}/Podfile.lock\" \"${PODS_ROOT}/Manifest.lock\" > /dev/null\nif [ $? != 0 ] ; then\n    # print error to STDERR\n    echo \"error: The sandbox is not in sync with the Podfile.lock. Run 'pod install' or update your CocoaPods installation.\" >&2\n    exit 1\nfi\n# This output is used by Xcode 'outputs' to avoid re-running this script phase.\necho \"SUCCESS\" > \"${SCRIPT_OUTPUT_FILE_0}\"\n";
			showEnvVarsInLog = 0;
		};
		F6CB0298F66D827CC3B0157A /* [CP] Embed Pods Frameworks */ = {
			isa = PBXShellScriptBuildPhase;
			buildActionMask = 2147483647;
			files = (
			);
			inputFileListPaths = (
			);
			inputPaths = (
				"${PODS_ROOT}/Target Support Files/Pods-taskApp/Pods-taskApp-frameworks.sh",
				"${BUILT_PRODUCTS_DIR}/Realm/Realm.framework",
				"${BUILT_PRODUCTS_DIR}/RealmSwift/RealmSwift.framework",
			);
			name = "[CP] Embed Pods Frameworks";
			outputFileListPaths = (
			);
			outputPaths = (
				"${TARGET_BUILD_DIR}/${FRAMEWORKS_FOLDER_PATH}/Realm.framework",
				"${TARGET_BUILD_DIR}/${FRAMEWORKS_FOLDER_PATH}/RealmSwift.framework",
			);
			runOnlyForDeploymentPostprocessing = 0;
			shellPath = /bin/sh;
			shellScript = "\"${PODS_ROOT}/Target Support Files/Pods-taskApp/Pods-taskApp-frameworks.sh\"\n";
			showEnvVarsInLog = 0;
		};
/* End PBXShellScriptBuildPhase section */

/* Begin PBXSourcesBuildPhase section */
		6A0E96E9226B12AC00C77964 /* Sources */ = {
			isa = PBXSourcesBuildPhase;
			buildActionMask = 2147483647;
			files = (
				6A0E96F3226B12AC00C77964 /* ViewController.swift in Sources */,
				6A0E96F1226B12AC00C77964 /* AppDelegate.swift in Sources */,
				6A0E9705226C631C00C77964 /* InputViewController.swift in Sources */,
			);
			runOnlyForDeploymentPostprocessing = 0;
		};
/* End PBXSourcesBuildPhase section */

/* Begin PBXVariantGroup section */
		6A0E96F4226B12AC00C77964 /* Main.storyboard */ = {
			isa = PBXVariantGroup;
			children = (
				6A0E96F5226B12AC00C77964 /* Base */,
			);
			name = Main.storyboard;
			sourceTree = "<group>";
		};
		6A0E96F9226B12AC00C77964 /* LaunchScreen.storyboard */ = {
			isa = PBXVariantGroup;
			children = (
				6A0E96FA226B12AC00C77964 /* Base */,
			);
			name = LaunchScreen.storyboard;
			sourceTree = "<group>";
		};
/* End PBXVariantGroup section */

/* Begin XCBuildConfiguration section */
		6A0E96FD226B12AC00C77964 /* Debug */ = {
			isa = XCBuildConfiguration;
			buildSettings = {
				ALWAYS_SEARCH_USER_PATHS = NO;
				CLANG_ANALYZER_NONNULL = YES;
				CLANG_ANALYZER_NUMBER_OBJECT_CONVERSION = YES_AGGRESSIVE;
				CLANG_CXX_LANGUAGE_STANDARD = "gnu++14";
				CLANG_CXX_LIBRARY = "libc++";
				CLANG_ENABLE_MODULES = YES;
				CLANG_ENABLE_OBJC_ARC = YES;
				CLANG_ENABLE_OBJC_WEAK = YES;
				CLANG_WARN_BLOCK_CAPTURE_AUTORELEASING = YES;
				CLANG_WARN_BOOL_CONVERSION = YES;
				CLANG_WARN_COMMA = YES;
				CLANG_WARN_CONSTANT_CONVERSION = YES;
				CLANG_WARN_DEPRECATED_OBJC_IMPLEMENTATIONS = YES;
				CLANG_WARN_DIRECT_OBJC_ISA_USAGE = YES_ERROR;
				CLANG_WARN_DOCUMENTATION_COMMENTS = YES;
				CLANG_WARN_EMPTY_BODY = YES;
				CLANG_WARN_ENUM_CONVERSION = YES;
				CLANG_WARN_INFINITE_RECURSION = YES;
				CLANG_WARN_INT_CONVERSION = YES;
				CLANG_WARN_NON_LITERAL_NULL_CONVERSION = YES;
				CLANG_WARN_OBJC_IMPLICIT_RETAIN_SELF = YES;
				CLANG_WARN_OBJC_LITERAL_CONVERSION = YES;
				CLANG_WARN_OBJC_ROOT_CLASS = YES_ERROR;
				CLANG_WARN_RANGE_LOOP_ANALYSIS = YES;
				CLANG_WARN_STRICT_PROTOTYPES = YES;
				CLANG_WARN_SUSPICIOUS_MOVE = YES;
				CLANG_WARN_UNGUARDED_AVAILABILITY = YES_AGGRESSIVE;
				CLANG_WARN_UNREACHABLE_CODE = YES;
				CLANG_WARN__DUPLICATE_METHOD_MATCH = YES;
				CODE_SIGN_IDENTITY = "iPhone Developer";
				COPY_PHASE_STRIP = NO;
				DEBUG_INFORMATION_FORMAT = dwarf;
				ENABLE_STRICT_OBJC_MSGSEND = YES;
				ENABLE_TESTABILITY = YES;
				GCC_C_LANGUAGE_STANDARD = gnu11;
				GCC_DYNAMIC_NO_PIC = NO;
				GCC_NO_COMMON_BLOCKS = YES;
				GCC_OPTIMIZATION_LEVEL = 0;
				GCC_PREPROCESSOR_DEFINITIONS = (
					"DEBUG=1",
					"$(inherited)",
				);
				GCC_WARN_64_TO_32_BIT_CONVERSION = YES;
				GCC_WARN_ABOUT_RETURN_TYPE = YES_ERROR;
				GCC_WARN_UNDECLARED_SELECTOR = YES;
				GCC_WARN_UNINITIALIZED_AUTOS = YES_AGGRESSIVE;
				GCC_WARN_UNUSED_FUNCTION = YES;
				GCC_WARN_UNUSED_VARIABLE = YES;
				IPHONEOS_DEPLOYMENT_TARGET = 12.1;
				MTL_ENABLE_DEBUG_INFO = INCLUDE_SOURCE;
				MTL_FAST_MATH = YES;
				ONLY_ACTIVE_ARCH = YES;
				SDKROOT = iphoneos;
				SWIFT_ACTIVE_COMPILATION_CONDITIONS = DEBUG;
				SWIFT_OPTIMIZATION_LEVEL = "-Onone";
			};
			name = Debug;
		};
		6A0E96FE226B12AC00C77964 /* Release */ = {
			isa = XCBuildConfiguration;
			buildSettings = {
				ALWAYS_SEARCH_USER_PATHS = NO;
				CLANG_ANALYZER_NONNULL = YES;
				CLANG_ANALYZER_NUMBER_OBJECT_CONVERSION = YES_AGGRESSIVE;
				CLANG_CXX_LANGUAGE_STANDARD = "gnu++14";
				CLANG_CXX_LIBRARY = "libc++";
				CLANG_ENABLE_MODULES = YES;
				CLANG_ENABLE_OBJC_ARC = YES;
				CLANG_ENABLE_OBJC_WEAK = YES;
				CLANG_WARN_BLOCK_CAPTURE_AUTORELEASING = YES;
				CLANG_WARN_BOOL_CONVERSION = YES;
				CLANG_WARN_COMMA = YES;
				CLANG_WARN_CONSTANT_CONVERSION = YES;
				CLANG_WARN_DEPRECATED_OBJC_IMPLEMENTATIONS = YES;
				CLANG_WARN_DIRECT_OBJC_ISA_USAGE = YES_ERROR;
				CLANG_WARN_DOCUMENTATION_COMMENTS = YES;
				CLANG_WARN_EMPTY_BODY = YES;
				CLANG_WARN_ENUM_CONVERSION = YES;
				CLANG_WARN_INFINITE_RECURSION = YES;
				CLANG_WARN_INT_CONVERSION = YES;
				CLANG_WARN_NON_LITERAL_NULL_CONVERSION = YES;
				CLANG_WARN_OBJC_IMPLICIT_RETAIN_SELF = YES;
				CLANG_WARN_OBJC_LITERAL_CONVERSION = YES;
				CLANG_WARN_OBJC_ROOT_CLASS = YES_ERROR;
				CLANG_WARN_RANGE_LOOP_ANALYSIS = YES;
				CLANG_WARN_STRICT_PROTOTYPES = YES;
				CLANG_WARN_SUSPICIOUS_MOVE = YES;
				CLANG_WARN_UNGUARDED_AVAILABILITY = YES_AGGRESSIVE;
				CLANG_WARN_UNREACHABLE_CODE = YES;
				CLANG_WARN__DUPLICATE_METHOD_MATCH = YES;
				CODE_SIGN_IDENTITY = "iPhone Developer";
				COPY_PHASE_STRIP = NO;
				DEBUG_INFORMATION_FORMAT = "dwarf-with-dsym";
				ENABLE_NS_ASSERTIONS = NO;
				ENABLE_STRICT_OBJC_MSGSEND = YES;
				GCC_C_LANGUAGE_STANDARD = gnu11;
				GCC_NO_COMMON_BLOCKS = YES;
				GCC_WARN_64_TO_32_BIT_CONVERSION = YES;
				GCC_WARN_ABOUT_RETURN_TYPE = YES_ERROR;
				GCC_WARN_UNDECLARED_SELECTOR = YES;
				GCC_WARN_UNINITIALIZED_AUTOS = YES_AGGRESSIVE;
				GCC_WARN_UNUSED_FUNCTION = YES;
				GCC_WARN_UNUSED_VARIABLE = YES;
				IPHONEOS_DEPLOYMENT_TARGET = 12.1;
				MTL_ENABLE_DEBUG_INFO = NO;
				MTL_FAST_MATH = YES;
				SDKROOT = iphoneos;
				SWIFT_COMPILATION_MODE = wholemodule;
				SWIFT_OPTIMIZATION_LEVEL = "-O";
				VALIDATE_PRODUCT = YES;
			};
			name = Release;
		};
		6A0E9700226B12AC00C77964 /* Debug */ = {
			isa = XCBuildConfiguration;
			baseConfigurationReference = 6608F9BE172EA4E8741F5BFE /* Pods-taskApp.debug.xcconfig */;
			buildSettings = {
				ASSETCATALOG_COMPILER_APPICON_NAME = AppIcon;
				CODE_SIGN_STYLE = Automatic;
				INFOPLIST_FILE = taskApp/Info.plist;
				LD_RUNPATH_SEARCH_PATHS = (
					"$(inherited)",
					"@executable_path/Frameworks",
				);
				PRODUCT_BUNDLE_IDENTIFIER = jp.techacademy.ryutaro.okamoto.taskApp;
				PRODUCT_NAME = "$(TARGET_NAME)";
				SWIFT_VERSION = 4.2;
				TARGETED_DEVICE_FAMILY = "1,2";
			};
			name = Debug;
		};
		6A0E9701226B12AC00C77964 /* Release */ = {
			isa = XCBuildConfiguration;
			baseConfigurationReference = 4349A094D619BC53F6F92B8A /* Pods-taskApp.release.xcconfig */;
			buildSettings = {
				ASSETCATALOG_COMPILER_APPICON_NAME = AppIcon;
				CODE_SIGN_STYLE = Automatic;
				INFOPLIST_FILE = taskApp/Info.plist;
				LD_RUNPATH_SEARCH_PATHS = (
					"$(inherited)",
					"@executable_path/Frameworks",
				);
				PRODUCT_BUNDLE_IDENTIFIER = jp.techacademy.ryutaro.okamoto.taskApp;
				PRODUCT_NAME = "$(TARGET_NAME)";
				SWIFT_VERSION = 4.2;
				TARGETED_DEVICE_FAMILY = "1,2";
			};
			name = Release;
		};
/* End XCBuildConfiguration section */

/* Begin XCConfigurationList section */
		6A0E96E8226B12AC00C77964 /* Build configuration list for PBXProject "taskApp" */ = {
			isa = XCConfigurationList;
			buildConfigurations = (
				6A0E96FD226B12AC00C77964 /* Debug */,
				6A0E96FE226B12AC00C77964 /* Release */,
			);
			defaultConfigurationIsVisible = 0;
			defaultConfigurationName = Release;
		};
		6A0E96FF226B12AC00C77964 /* Build configuration list for PBXNativeTarget "taskApp" */ = {
			isa = XCConfigurationList;
			buildConfigurations = (
				6A0E9700226B12AC00C77964 /* Debug */,
				6A0E9701226B12AC00C77964 /* Release */,
			);
			defaultConfigurationIsVisible = 0;
			defaultConfigurationName = Release;
		};
/* End XCConfigurationList section */
	};
	rootObject = 6A0E96E5226B12AC00C77964 /* Project object */;
}
